
Microsoft Visual Studio Solution File, Format Version 10.00
# Visual Studio 2008
Project("{FAE04EC0-301F-11D3-BF4B-00C04F79EFBC}") = "DAOAuction", "DAOAuction\DAOAuction.csproj", "{55483179-5D42-4778-81F8-1B1A059B9812}"
EndProject
Project("{FAE04EC0-301F-11D3-BF4B-00C04F79EFBC}") = "BUSAuction", "BUSAuction\BUSAuction.csproj", "{91126245-1172-4E15-A63F-C43B864957F6}"
EndProject
Project("{E24C65DC-7377-472B-9ABA-BC803B73C61A}") = "Auction", "Auction\", "{B3855189-F495-4776-845C-2F741C74E7AF}"
	ProjectSection(WebsiteProperties) = preProject
		TargetFramework = "3.5"
		ProjectReferences = "{91126245-1172-4E15-A63F-C43B864957F6}|BUSAuction.dll;{55483179-5D42-4778-81F8-1B1A059B9812}|DAOAuction.dll;{913DF7BB-A074-4EB6-9E33-4EBD5C6555BC}|DTOAuction.dll;"
		Debug.AspNetCompiler.VirtualPath = "/Auction"
		Debug.AspNetCompiler.PhysicalPath = "Auction\"
		Debug.AspNetCompiler.TargetPath = "PrecompiledWeb\Auction\"
		Debug.AspNetCompiler.Updateable = "true"
		Debug.AspNetCompiler.ForceOverwrite = "true"
		Debug.AspNetCompiler.FixedNames = "false"
		Debug.AspNetCompiler.Debug = "True"
		Release.AspNetCompiler.VirtualPath = "/Auction"
		Release.AspNetCompiler.PhysicalPath = "Auction\"
		Release.AspNetCompiler.TargetPath = "PrecompiledWeb\Auction\"
		Release.AspNetCompiler.Updateable = "true"
		Release.AspNetCompiler.ForceOverwrite = "true"
		Release.AspNetCompiler.FixedNames = "false"
		Release.AspNetCompiler.Debug = "False"
		VWDPort = "1486"
	EndProjectSection
EndProject
Project("{FAE04EC0-301F-11D3-BF4B-00C04F79EFBC}") = "DTOAuction", "DTOAuction\DTOAuction.csproj", "{913DF7BB-A074-4EB6-9E33-4EBD5C6555BC}"
EndProject
Global
	GlobalSection(SolutionConfigurationPlatforms) = preSolution
		Debug|.NET = Debug|.NET
		Debug|Any CPU = Debug|Any CPU
		Debug|Mixed Platforms = Debug|Mixed Platforms
		Release|.NET = Release|.NET
		Release|Any CPU = Release|Any CPU
		Release|Mixed Platforms = Release|Mixed Platforms
	EndGlobalSection
	GlobalSection(ProjectConfigurationPlatforms) = postSolution
		{55483179-5D42-4778-81F8-1B1A059B9812}.Debug|.NET.ActiveCfg = Debug|Any CPU
		{55483179-5D42-4778-81F8-1B1A059B9812}.Debug|Any CPU.ActiveCfg = Debug|Any CPU
		{55483179-5D42-4778-81F8-1B1A059B9812}.Debug|Any CPU.Build.0 = Debug|Any CPU
		{55483179-5D42-4778-81F8-1B1A059B9812}.Debug|Mixed Platforms.ActiveCfg = Debug|Any CPU
		{55483179-5D42-4778-81F8-1B1A059B9812}.Debug|Mixed Platforms.Build.0 = Debug|Any CPU
		{55483179-5D42-4778-81F8-1B1A059B9812}.Release|.NET.ActiveCfg = Release|Any CPU
		{55483179-5D42-4778-81F8-1B1A059B9812}.Release|Any CPU.ActiveCfg = Release|Any CPU
		{55483179-5D42-4778-81F8-1B1A059B9812}.Release|Any CPU.Build.0 = Release|Any CPU
		{55483179-5D42-4778-81F8-1B1A059B9812}.Release|Mixed Platforms.ActiveCfg = Release|Any CPU
		{55483179-5D42-4778-81F8-1B1A059B9812}.Release|Mixed Platforms.Build.0 = Release|Any CPU
		{91126245-1172-4E15-A63F-C43B864957F6}.Debug|.NET.ActiveCfg = Debug|Any CPU
		{91126245-1172-4E15-A63F-C43B864957F6}.Debug|Any CPU.ActiveCfg = Debug|Any CPU
		{91126245-1172-4E15-A63F-C43B864957F6}.Debug|Any CPU.Build.0 = Debug|Any CPU
		{91126245-1172-4E15-A63F-C43B864957F6}.Debug|Mixed Platforms.ActiveCfg = Debug|Any CPU
		{91126245-1172-4E15-A63F-C43B864957F6}.Debug|Mixed Platforms.Build.0 = Debug|Any CPU
		{91126245-1172-4E15-A63F-C43B864957F6}.Release|.NET.ActiveCfg = Release|Any CPU
		{91126245-1172-4E15-A63F-C43B864957F6}.Release|Any CPU.ActiveCfg = Release|Any CPU
		{91126245-1172-4E15-A63F-C43B864957F6}.Release|Any CPU.Build.0 = Release|Any CPU
		{91126245-1172-4E15-A63F-C43B864957F6}.Release|Mixed Platforms.ActiveCfg = Release|Any CPU
		{91126245-1172-4E15-A63F-C43B864957F6}.Release|Mixed Platforms.Build.0 = Release|Any CPU
		{B3855189-F495-4776-845C-2F741C74E7AF}.Debug|.NET.ActiveCfg = Debug|.NET
		{B3855189-F495-4776-845C-2F741C74E7AF}.Debug|.NET.Build.0 = Debug|.NET
		{B3855189-F495-4776-845C-2F741C74E7AF}.Debug|Any CPU.ActiveCfg = Debug|.NET
		{B3855189-F495-4776-845C-2F741C74E7AF}.Debug|Mixed Platforms.ActiveCfg = Debug|.NET
		{B3855189-F495-4776-845C-2F741C74E7AF}.Debug|Mixed Platforms.Build.0 = Debug|.NET
		{B3855189-F495-4776-845C-2F741C74E7AF}.Release|.NET.ActiveCfg = Debug|.NET
		{B3855189-F495-4776-845C-2F741C74E7AF}.Release|.NET.Build.0 = Debug|.NET
		{B3855189-F495-4776-845C-2F741C74E7AF}.Release|Any CPU.ActiveCfg = Debug|.NET
		{B3855189-F495-4776-845C-2F741C74E7AF}.Release|Mixed Platforms.ActiveCfg = Debug|.NET
		{B3855189-F495-4776-845C-2F741C74E7AF}.Release|Mixed Platforms.Build.0 = Debug|.NET
		{913DF7BB-A074-4EB6-9E33-4EBD5C6555BC}.Debug|.NET.ActiveCfg = Debug|Any CPU
		{913DF7BB-A074-4EB6-9E33-4EBD5C6555BC}.Debug|Any CPU.ActiveCfg = Debug|Any CPU
		{913DF7BB-A074-4EB6-9E33-4EBD5C6555BC}.Debug|Any CPU.Build.0 = Debug|Any CPU
		{913DF7BB-A074-4EB6-9E33-4EBD5C6555BC}.Debug|Mixed Platforms.ActiveCfg = Debug|Any CPU
		{913DF7BB-A074-4EB6-9E33-4EBD5C6555BC}.Debug|Mixed Platforms.Build.0 = Debug|Any CPU
		{913DF7BB-A074-4EB6-9E33-4EBD5C6555BC}.Release|.NET.ActiveCfg = Release|Any CPU
		{913DF7BB-A074-4EB6-9E33-4EBD5C6555BC}.Release|Any CPU.ActiveCfg = Release|Any CPU
		{913DF7BB-A074-4EB6-9E33-4EBD5C6555BC}.Release|Any CPU.Build.0 = Release|Any CPU
		{913DF7BB-A074-4EB6-9E33-4EBD5C6555BC}.Release|Mixed Platforms.ActiveCfg = Release|Any CPU
		{913DF7BB-A074-4EB6-9E33-4EBD5C6555BC}.Release|Mixed Platforms.Build.0 = Release|Any CPU
	EndGlobalSection
	GlobalSection(SolutionProperties) = preSolution
		HideSolutionNode = FALSE
	EndGlobalSection
EndGlobal
